
Microsoft Visual Studio Solution File, Format Version 12.00
# Visual Studio Version 17
VisualStudioVersion = 17.0.31912.275
MinimumVisualStudioVersion = 15.0.26124.0
Project("{9A19103F-16F7-4668-BE54-9A1E7A4F7556}") = "Tester", "Tester\Tester.csproj", "{F492E437-C157-4A0E-858A-C34CC6F436B7}"
EndProject
Global
	GlobalSection(SolutionConfigurationPlatforms) = preSolution
		Debug|Any CPU = Debug|Any CPU
		Debug|x64 = Debug|x64
		Debug|x86 = Debug|x86
		Release|Any CPU = Release|Any CPU
		Release|x64 = Release|x64
		Release|x86 = Release|x86
	EndGlobalSection
	GlobalSection(ProjectConfigurationPlatforms) = postSolution
		{F492E437-C157-4A0E-858A-C34CC6F436B7}.Debug|Any CPU.ActiveCfg = Debug|Any CPU
		{F492E437-C157-4A0E-858A-C34CC6F436B7}.Debug|Any CPU.Build.0 = Debug|Any CPU
		{F492E437-C157-4A0E-858A-C34CC6F436B7}.Debug|x64.ActiveCfg = Debug|Any CPU
		{F492E437-C157-4A0E-858A-C34CC6F436B7}.Debug|x64.Build.0 = Debug|Any CPU
		{F492E437-C157-4A0E-858A-C34CC6F436B7}.Debug|x86.ActiveCfg = Debug|Any CPU
		{F492E437-C157-4A0E-858A-C34CC6F436B7}.Debug|x86.Build.0 = Debug|Any CPU
		{F492E437-C157-4A0E-858A-C34CC6F436B7}.Release|Any CPU.ActiveCfg = Release|Any CPU
		{F492E437-C157-4A0E-858A-C34CC6F436B7}.Release|Any CPU.Build.0 = Release|Any CPU
		{F492E437-C157-4A0E-858A-C34CC6F436B7}.Release|x64.ActiveCfg = Release|Any CPU
		{F492E437-C157-4A0E-858A-C34CC6F436B7}.Release|x64.Build.0 = Release|Any CPU
		{F492E437-C157-4A0E-858A-C34CC6F436B7}.Release|x86.ActiveCfg = Release|Any CPU
		{F492E437-C157-4A0E-858A-C34CC6F436B7}.Release|x86.Build.0 = Release|Any CPU
	EndGlobalSection
	GlobalSection(SolutionProperties) = preSolution
		HideSolutionNode = FALSE
	EndGlobalSection
	GlobalSection(ExtensibilityGlobals) = postSolution
		SolutionGuid = {67A816F7-C2AE-4225-B837-F760D54BB68B}
	EndGlobalSection
EndGlobal
