
Microsoft Visual Studio Solution File, Format Version 12.00
# Visual Studio 15
VisualStudioVersion = 15.0.26124.0
MinimumVisualStudioVersion = 15.0.26124.0
Project("{FAE04EC0-301F-11D3-BF4B-00C04F79EFBC}") = "OutboxProcessor", "OutboxProcessor\OutboxProcessor.csproj", "{65B0E655-AA7D-45E1-999D-D952052EDC12}"
EndProject
Project("{FAE04EC0-301F-11D3-BF4B-00C04F79EFBC}") = "Academia", "Academia\Academia.csproj", "{7F261438-B645-453C-8254-7B61994073B8}"
EndProject
Global
	GlobalSection(SolutionConfigurationPlatforms) = preSolution
		Debug|Any CPU = Debug|Any CPU
		Debug|x64 = Debug|x64
		Debug|x86 = Debug|x86
		Release|Any CPU = Release|Any CPU
		Release|x64 = Release|x64
		Release|x86 = Release|x86
	EndGlobalSection
	GlobalSection(SolutionProperties) = preSolution
		HideSolutionNode = FALSE
	EndGlobalSection
	GlobalSection(ProjectConfigurationPlatforms) = postSolution
		{65B0E655-AA7D-45E1-999D-D952052EDC12}.Debug|Any CPU.ActiveCfg = Debug|Any CPU
		{65B0E655-AA7D-45E1-999D-D952052EDC12}.Debug|Any CPU.Build.0 = Debug|Any CPU
		{65B0E655-AA7D-45E1-999D-D952052EDC12}.Debug|x64.ActiveCfg = Debug|Any CPU
		{65B0E655-AA7D-45E1-999D-D952052EDC12}.Debug|x64.Build.0 = Debug|Any CPU
		{65B0E655-AA7D-45E1-999D-D952052EDC12}.Debug|x86.ActiveCfg = Debug|Any CPU
		{65B0E655-AA7D-45E1-999D-D952052EDC12}.Debug|x86.Build.0 = Debug|Any CPU
		{65B0E655-AA7D-45E1-999D-D952052EDC12}.Release|Any CPU.ActiveCfg = Release|Any CPU
		{65B0E655-AA7D-45E1-999D-D952052EDC12}.Release|Any CPU.Build.0 = Release|Any CPU
		{65B0E655-AA7D-45E1-999D-D952052EDC12}.Release|x64.ActiveCfg = Release|Any CPU
		{65B0E655-AA7D-45E1-999D-D952052EDC12}.Release|x64.Build.0 = Release|Any CPU
		{65B0E655-AA7D-45E1-999D-D952052EDC12}.Release|x86.ActiveCfg = Release|Any CPU
		{65B0E655-AA7D-45E1-999D-D952052EDC12}.Release|x86.Build.0 = Release|Any CPU
		{7F261438-B645-453C-8254-7B61994073B8}.Debug|Any CPU.ActiveCfg = Debug|Any CPU
		{7F261438-B645-453C-8254-7B61994073B8}.Debug|Any CPU.Build.0 = Debug|Any CPU
		{7F261438-B645-453C-8254-7B61994073B8}.Debug|x64.ActiveCfg = Debug|Any CPU
		{7F261438-B645-453C-8254-7B61994073B8}.Debug|x64.Build.0 = Debug|Any CPU
		{7F261438-B645-453C-8254-7B61994073B8}.Debug|x86.ActiveCfg = Debug|Any CPU
		{7F261438-B645-453C-8254-7B61994073B8}.Debug|x86.Build.0 = Debug|Any CPU
		{7F261438-B645-453C-8254-7B61994073B8}.Release|Any CPU.ActiveCfg = Release|Any CPU
		{7F261438-B645-453C-8254-7B61994073B8}.Release|Any CPU.Build.0 = Release|Any CPU
		{7F261438-B645-453C-8254-7B61994073B8}.Release|x64.ActiveCfg = Release|Any CPU
		{7F261438-B645-453C-8254-7B61994073B8}.Release|x64.Build.0 = Release|Any CPU
		{7F261438-B645-453C-8254-7B61994073B8}.Release|x86.ActiveCfg = Release|Any CPU
		{7F261438-B645-453C-8254-7B61994073B8}.Release|x86.Build.0 = Release|Any CPU
	EndGlobalSection
EndGlobal
