
Microsoft Visual Studio Solution File, Format Version 12.00
# Visual Studio 15
VisualStudioVersion = 15.0.26124.0
MinimumVisualStudioVersion = 15.0.26124.0
Project("{FAE04EC0-301F-11D3-BF4B-00C04F79EFBC}") = "Dafda", "Dafda\Dafda.csproj", "{18CFB1E8-1E9A-4D1E-A041-32812AE07304}"
EndProject
Project("{FAE04EC0-301F-11D3-BF4B-00C04F79EFBC}") = "Dafda.Tests", "Dafda.Tests\Dafda.Tests.csproj", "{896F43EC-F41E-4D27-9F77-43D177D60C9E}"
EndProject
Project("{FAE04EC0-301F-11D3-BF4B-00C04F79EFBC}") = "Dafda.AspNetCore", "Dafda.AspNetCore\Dafda.AspNetCore.csproj", "{D1D77354-AA55-43B5-80E4-5B87D4BF7D09}"
EndProject
Project("{FAE04EC0-301F-11D3-BF4B-00C04F79EFBC}") = "Sample", "Sample\Sample.csproj", "{4A200361-A9CF-4D8E-9515-10D122197951}"
EndProject
Global
	GlobalSection(SolutionConfigurationPlatforms) = preSolution
		Debug|Any CPU = Debug|Any CPU
		Debug|x64 = Debug|x64
		Debug|x86 = Debug|x86
		Release|Any CPU = Release|Any CPU
		Release|x64 = Release|x64
		Release|x86 = Release|x86
	EndGlobalSection
	GlobalSection(SolutionProperties) = preSolution
		HideSolutionNode = FALSE
	EndGlobalSection
	GlobalSection(ProjectConfigurationPlatforms) = postSolution
		{18CFB1E8-1E9A-4D1E-A041-32812AE07304}.Debug|Any CPU.ActiveCfg = Debug|Any CPU
		{18CFB1E8-1E9A-4D1E-A041-32812AE07304}.Debug|Any CPU.Build.0 = Debug|Any CPU
		{18CFB1E8-1E9A-4D1E-A041-32812AE07304}.Debug|x64.ActiveCfg = Debug|Any CPU
		{18CFB1E8-1E9A-4D1E-A041-32812AE07304}.Debug|x64.Build.0 = Debug|Any CPU
		{18CFB1E8-1E9A-4D1E-A041-32812AE07304}.Debug|x86.ActiveCfg = Debug|Any CPU
		{18CFB1E8-1E9A-4D1E-A041-32812AE07304}.Debug|x86.Build.0 = Debug|Any CPU
		{18CFB1E8-1E9A-4D1E-A041-32812AE07304}.Release|Any CPU.ActiveCfg = Release|Any CPU
		{18CFB1E8-1E9A-4D1E-A041-32812AE07304}.Release|Any CPU.Build.0 = Release|Any CPU
		{18CFB1E8-1E9A-4D1E-A041-32812AE07304}.Release|x64.ActiveCfg = Release|Any CPU
		{18CFB1E8-1E9A-4D1E-A041-32812AE07304}.Release|x64.Build.0 = Release|Any CPU
		{18CFB1E8-1E9A-4D1E-A041-32812AE07304}.Release|x86.ActiveCfg = Release|Any CPU
		{18CFB1E8-1E9A-4D1E-A041-32812AE07304}.Release|x86.Build.0 = Release|Any CPU
		{896F43EC-F41E-4D27-9F77-43D177D60C9E}.Debug|Any CPU.ActiveCfg = Debug|Any CPU
		{896F43EC-F41E-4D27-9F77-43D177D60C9E}.Debug|Any CPU.Build.0 = Debug|Any CPU
		{896F43EC-F41E-4D27-9F77-43D177D60C9E}.Debug|x64.ActiveCfg = Debug|Any CPU
		{896F43EC-F41E-4D27-9F77-43D177D60C9E}.Debug|x64.Build.0 = Debug|Any CPU
		{896F43EC-F41E-4D27-9F77-43D177D60C9E}.Debug|x86.ActiveCfg = Debug|Any CPU
		{896F43EC-F41E-4D27-9F77-43D177D60C9E}.Debug|x86.Build.0 = Debug|Any CPU
		{896F43EC-F41E-4D27-9F77-43D177D60C9E}.Release|Any CPU.ActiveCfg = Release|Any CPU
		{896F43EC-F41E-4D27-9F77-43D177D60C9E}.Release|Any CPU.Build.0 = Release|Any CPU
		{896F43EC-F41E-4D27-9F77-43D177D60C9E}.Release|x64.ActiveCfg = Release|Any CPU
		{896F43EC-F41E-4D27-9F77-43D177D60C9E}.Release|x64.Build.0 = Release|Any CPU
		{896F43EC-F41E-4D27-9F77-43D177D60C9E}.Release|x86.ActiveCfg = Release|Any CPU
		{896F43EC-F41E-4D27-9F77-43D177D60C9E}.Release|x86.Build.0 = Release|Any CPU
		{D1D77354-AA55-43B5-80E4-5B87D4BF7D09}.Debug|Any CPU.ActiveCfg = Debug|Any CPU
		{D1D77354-AA55-43B5-80E4-5B87D4BF7D09}.Debug|Any CPU.Build.0 = Debug|Any CPU
		{D1D77354-AA55-43B5-80E4-5B87D4BF7D09}.Debug|x64.ActiveCfg = Debug|Any CPU
		{D1D77354-AA55-43B5-80E4-5B87D4BF7D09}.Debug|x64.Build.0 = Debug|Any CPU
		{D1D77354-AA55-43B5-80E4-5B87D4BF7D09}.Debug|x86.ActiveCfg = Debug|Any CPU
		{D1D77354-AA55-43B5-80E4-5B87D4BF7D09}.Debug|x86.Build.0 = Debug|Any CPU
		{D1D77354-AA55-43B5-80E4-5B87D4BF7D09}.Release|Any CPU.ActiveCfg = Release|Any CPU
		{D1D77354-AA55-43B5-80E4-5B87D4BF7D09}.Release|Any CPU.Build.0 = Release|Any CPU
		{D1D77354-AA55-43B5-80E4-5B87D4BF7D09}.Release|x64.ActiveCfg = Release|Any CPU
		{D1D77354-AA55-43B5-80E4-5B87D4BF7D09}.Release|x64.Build.0 = Release|Any CPU
		{D1D77354-AA55-43B5-80E4-5B87D4BF7D09}.Release|x86.ActiveCfg = Release|Any CPU
		{D1D77354-AA55-43B5-80E4-5B87D4BF7D09}.Release|x86.Build.0 = Release|Any CPU
		{4A200361-A9CF-4D8E-9515-10D122197951}.Debug|Any CPU.ActiveCfg = Debug|Any CPU
		{4A200361-A9CF-4D8E-9515-10D122197951}.Debug|Any CPU.Build.0 = Debug|Any CPU
		{4A200361-A9CF-4D8E-9515-10D122197951}.Debug|x64.ActiveCfg = Debug|Any CPU
		{4A200361-A9CF-4D8E-9515-10D122197951}.Debug|x64.Build.0 = Debug|Any CPU
		{4A200361-A9CF-4D8E-9515-10D122197951}.Debug|x86.ActiveCfg = Debug|Any CPU
		{4A200361-A9CF-4D8E-9515-10D122197951}.Debug|x86.Build.0 = Debug|Any CPU
		{4A200361-A9CF-4D8E-9515-10D122197951}.Release|Any CPU.ActiveCfg = Release|Any CPU
		{4A200361-A9CF-4D8E-9515-10D122197951}.Release|Any CPU.Build.0 = Release|Any CPU
		{4A200361-A9CF-4D8E-9515-10D122197951}.Release|x64.ActiveCfg = Release|Any CPU
		{4A200361-A9CF-4D8E-9515-10D122197951}.Release|x64.Build.0 = Release|Any CPU
		{4A200361-A9CF-4D8E-9515-10D122197951}.Release|x86.ActiveCfg = Release|Any CPU
		{4A200361-A9CF-4D8E-9515-10D122197951}.Release|x86.Build.0 = Release|Any CPU
	EndGlobalSection
EndGlobal
